
Microsoft Visual Studio Solution File, Format Version 12.00
# Visual Studio 15
VisualStudioVersion = 15.0.28307.1321
MinimumVisualStudioVersion = 10.0.40219.1
Project("{8BC9CEB8-8B4A-11D0-8D11-00A0C91BC942}") = "day1", "day1_c++\day1\day1.vcxproj", "{3EB451C3-9FCA-4575-BC8C-D73307E4385E}"
EndProject
Project("{8BC9CEB8-8B4A-11D0-8D11-00A0C91BC942}") = "day2", "day2\day2.vcxproj", "{723921F8-AD6C-4658-88F5-FD90F0BCBE41}"
EndProject
Project("{8BC9CEB8-8B4A-11D0-8D11-00A0C91BC942}") = "day3", "day3\day3.vcxproj", "{9C0B45A2-C057-43F0-B128-C5A7073149D2}"
EndProject
Project("{8BC9CEB8-8B4A-11D0-8D11-00A0C91BC942}") = "day4", "day4\day4.vcxproj", "{954C6FDE-691B-49D7-A181-DC52573909D2}"
EndProject
Global
	GlobalSection(SolutionConfigurationPlatforms) = preSolution
		Debug|x64 = Debug|x64
		Debug|x86 = Debug|x86
		Release|x64 = Release|x64
		Release|x86 = Release|x86
	EndGlobalSection
	GlobalSection(ProjectConfigurationPlatforms) = postSolution
		{3EB451C3-9FCA-4575-BC8C-D73307E4385E}.Debug|x64.ActiveCfg = Debug|x64
		{3EB451C3-9FCA-4575-BC8C-D73307E4385E}.Debug|x64.Build.0 = Debug|x64
		{3EB451C3-9FCA-4575-BC8C-D73307E4385E}.Debug|x86.ActiveCfg = Debug|Win32
		{3EB451C3-9FCA-4575-BC8C-D73307E4385E}.Debug|x86.Build.0 = Debug|Win32
		{3EB451C3-9FCA-4575-BC8C-D73307E4385E}.Release|x64.ActiveCfg = Release|x64
		{3EB451C3-9FCA-4575-BC8C-D73307E4385E}.Release|x64.Build.0 = Release|x64
		{3EB451C3-9FCA-4575-BC8C-D73307E4385E}.Release|x86.ActiveCfg = Release|Win32
		{3EB451C3-9FCA-4575-BC8C-D73307E4385E}.Release|x86.Build.0 = Release|Win32
		{723921F8-AD6C-4658-88F5-FD90F0BCBE41}.Debug|x64.ActiveCfg = Debug|x64
		{723921F8-AD6C-4658-88F5-FD90F0BCBE41}.Debug|x64.Build.0 = Debug|x64
		{723921F8-AD6C-4658-88F5-FD90F0BCBE41}.Debug|x86.ActiveCfg = Debug|Win32
		{723921F8-AD6C-4658-88F5-FD90F0BCBE41}.Debug|x86.Build.0 = Debug|Win32
		{723921F8-AD6C-4658-88F5-FD90F0BCBE41}.Release|x64.ActiveCfg = Release|x64
		{723921F8-AD6C-4658-88F5-FD90F0BCBE41}.Release|x64.Build.0 = Release|x64
		{723921F8-AD6C-4658-88F5-FD90F0BCBE41}.Release|x86.ActiveCfg = Release|Win32
		{723921F8-AD6C-4658-88F5-FD90F0BCBE41}.Release|x86.Build.0 = Release|Win32
		{9C0B45A2-C057-43F0-B128-C5A7073149D2}.Debug|x64.ActiveCfg = Debug|x64
		{9C0B45A2-C057-43F0-B128-C5A7073149D2}.Debug|x64.Build.0 = Debug|x64
		{9C0B45A2-C057-43F0-B128-C5A7073149D2}.Debug|x86.ActiveCfg = Debug|Win32
		{9C0B45A2-C057-43F0-B128-C5A7073149D2}.Debug|x86.Build.0 = Debug|Win32
		{9C0B45A2-C057-43F0-B128-C5A7073149D2}.Release|x64.ActiveCfg = Release|x64
		{9C0B45A2-C057-43F0-B128-C5A7073149D2}.Release|x64.Build.0 = Release|x64
		{9C0B45A2-C057-43F0-B128-C5A7073149D2}.Release|x86.ActiveCfg = Release|Win32
		{9C0B45A2-C057-43F0-B128-C5A7073149D2}.Release|x86.Build.0 = Release|Win32
		{954C6FDE-691B-49D7-A181-DC52573909D2}.Debug|x64.ActiveCfg = Debug|x64
		{954C6FDE-691B-49D7-A181-DC52573909D2}.Debug|x64.Build.0 = Debug|x64
		{954C6FDE-691B-49D7-A181-DC52573909D2}.Debug|x86.ActiveCfg = Debug|Win32
		{954C6FDE-691B-49D7-A181-DC52573909D2}.Debug|x86.Build.0 = Debug|Win32
		{954C6FDE-691B-49D7-A181-DC52573909D2}.Release|x64.ActiveCfg = Release|x64
		{954C6FDE-691B-49D7-A181-DC52573909D2}.Release|x64.Build.0 = Release|x64
		{954C6FDE-691B-49D7-A181-DC52573909D2}.Release|x86.ActiveCfg = Release|Win32
		{954C6FDE-691B-49D7-A181-DC52573909D2}.Release|x86.Build.0 = Release|Win32
	EndGlobalSection
	GlobalSection(SolutionProperties) = preSolution
		HideSolutionNode = FALSE
	EndGlobalSection
	GlobalSection(ExtensibilityGlobals) = postSolution
		SolutionGuid = {46D2AF0C-64FF-4EE5-AF21-79BFE5933022}
	EndGlobalSection
EndGlobal
